
Microsoft Visual Studio Solution File, Format Version 12.00
Project("{FAE04EC0-301F-11D3-BF4B-00C04F79EFBC}") = "CarShop.UserInterface", "CarShop.UserInterface\CarShop.UserInterface.csproj", "{F3DB8581-DA18-4123-A82E-5308DCC364EF}"
EndProject
Project("{FAE04EC0-301F-11D3-BF4B-00C04F79EFBC}") = "CarShop.BusinessLogic", "CarShop.BusinessLogic\CarShop.BusinessLogic.csproj", "{2D7D30ED-74E9-4BFD-9A0B-58819D856D45}"
EndProject
Project("{FAE04EC0-301F-11D3-BF4B-00C04F79EFBC}") = "CarShop.Data", "CarShop.Data\CarShop.Data.csproj", "{28EC56BD-B05A-4831-991F-B009E7853FEF}"
EndProject
Project("{FAE04EC0-301F-11D3-BF4B-00C04F79EFBC}") = "CarShop.Tests", "CarShop.Tests\CarShop.Tests.csproj", "{196CDA64-BECC-491D-981D-E1DD6F9033AA}"
EndProject
Project("{FAE04EC0-301F-11D3-BF4B-00C04F79EFBC}") = "CarShop.General", "CarShop.General\CarShop.General.csproj", "{9DC262C6-DB1B-415F-BC8C-876ACF316BE4}"
EndProject
Project("{FAE04EC0-301F-11D3-BF4B-00C04F79EFBC}") = "CarShop.UserInterface.General", "CarShop.UserInterface.General\CarShop.UserInterface.General.csproj", "{FDB7B898-04FE-4C14-86C3-BAC9DD8B9E65}"
EndProject
Project("{FAE04EC0-301F-11D3-BF4B-00C04F79EFBC}") = "CarShop.Executable", "CarShop.Executable\CarShop.Executable.csproj", "{39E86622-390F-4A13-B61F-2F493082A28A}"
EndProject
Project("{FAE04EC0-301F-11D3-BF4B-00C04F79EFBC}") = "CarShop.DataTransfer", "CarShop.DataTransfer\CarShop.DataTransfer.csproj", "{13EEB472-0D89-42F2-B0CF-82F57A0C23F3}"
EndProject
Project("{FAE04EC0-301F-11D3-BF4B-00C04F79EFBC}") = "CarShop.Constants", "CarShop.Constants\CarShop.Constants.csproj", "{8B099960-0295-4739-84E8-42B42E8711D3}"
EndProject
Global
	GlobalSection(SolutionConfigurationPlatforms) = preSolution
		Debug|Any CPU = Debug|Any CPU
		Release|Any CPU = Release|Any CPU
	EndGlobalSection
	GlobalSection(ProjectConfigurationPlatforms) = postSolution
		{F3DB8581-DA18-4123-A82E-5308DCC364EF}.Debug|Any CPU.ActiveCfg = Debug|Any CPU
		{F3DB8581-DA18-4123-A82E-5308DCC364EF}.Debug|Any CPU.Build.0 = Debug|Any CPU
		{F3DB8581-DA18-4123-A82E-5308DCC364EF}.Release|Any CPU.ActiveCfg = Release|Any CPU
		{F3DB8581-DA18-4123-A82E-5308DCC364EF}.Release|Any CPU.Build.0 = Release|Any CPU
		{2D7D30ED-74E9-4BFD-9A0B-58819D856D45}.Debug|Any CPU.ActiveCfg = Debug|Any CPU
		{2D7D30ED-74E9-4BFD-9A0B-58819D856D45}.Debug|Any CPU.Build.0 = Debug|Any CPU
		{2D7D30ED-74E9-4BFD-9A0B-58819D856D45}.Release|Any CPU.ActiveCfg = Release|Any CPU
		{2D7D30ED-74E9-4BFD-9A0B-58819D856D45}.Release|Any CPU.Build.0 = Release|Any CPU
		{28EC56BD-B05A-4831-991F-B009E7853FEF}.Debug|Any CPU.ActiveCfg = Debug|Any CPU
		{28EC56BD-B05A-4831-991F-B009E7853FEF}.Debug|Any CPU.Build.0 = Debug|Any CPU
		{28EC56BD-B05A-4831-991F-B009E7853FEF}.Release|Any CPU.ActiveCfg = Release|Any CPU
		{28EC56BD-B05A-4831-991F-B009E7853FEF}.Release|Any CPU.Build.0 = Release|Any CPU
		{196CDA64-BECC-491D-981D-E1DD6F9033AA}.Debug|Any CPU.ActiveCfg = Debug|Any CPU
		{196CDA64-BECC-491D-981D-E1DD6F9033AA}.Debug|Any CPU.Build.0 = Debug|Any CPU
		{196CDA64-BECC-491D-981D-E1DD6F9033AA}.Release|Any CPU.ActiveCfg = Release|Any CPU
		{196CDA64-BECC-491D-981D-E1DD6F9033AA}.Release|Any CPU.Build.0 = Release|Any CPU
		{9DC262C6-DB1B-415F-BC8C-876ACF316BE4}.Debug|Any CPU.ActiveCfg = Debug|Any CPU
		{9DC262C6-DB1B-415F-BC8C-876ACF316BE4}.Debug|Any CPU.Build.0 = Debug|Any CPU
		{9DC262C6-DB1B-415F-BC8C-876ACF316BE4}.Release|Any CPU.ActiveCfg = Release|Any CPU
		{9DC262C6-DB1B-415F-BC8C-876ACF316BE4}.Release|Any CPU.Build.0 = Release|Any CPU
		{FDB7B898-04FE-4C14-86C3-BAC9DD8B9E65}.Debug|Any CPU.ActiveCfg = Debug|Any CPU
		{FDB7B898-04FE-4C14-86C3-BAC9DD8B9E65}.Debug|Any CPU.Build.0 = Debug|Any CPU
		{FDB7B898-04FE-4C14-86C3-BAC9DD8B9E65}.Release|Any CPU.ActiveCfg = Release|Any CPU
		{FDB7B898-04FE-4C14-86C3-BAC9DD8B9E65}.Release|Any CPU.Build.0 = Release|Any CPU
		{39E86622-390F-4A13-B61F-2F493082A28A}.Debug|Any CPU.ActiveCfg = Debug|Any CPU
		{39E86622-390F-4A13-B61F-2F493082A28A}.Debug|Any CPU.Build.0 = Debug|Any CPU
		{39E86622-390F-4A13-B61F-2F493082A28A}.Release|Any CPU.ActiveCfg = Release|Any CPU
		{39E86622-390F-4A13-B61F-2F493082A28A}.Release|Any CPU.Build.0 = Release|Any CPU
		{13EEB472-0D89-42F2-B0CF-82F57A0C23F3}.Debug|Any CPU.ActiveCfg = Debug|Any CPU
		{13EEB472-0D89-42F2-B0CF-82F57A0C23F3}.Debug|Any CPU.Build.0 = Debug|Any CPU
		{13EEB472-0D89-42F2-B0CF-82F57A0C23F3}.Release|Any CPU.ActiveCfg = Release|Any CPU
		{13EEB472-0D89-42F2-B0CF-82F57A0C23F3}.Release|Any CPU.Build.0 = Release|Any CPU
		{8B099960-0295-4739-84E8-42B42E8711D3}.Debug|Any CPU.ActiveCfg = Debug|Any CPU
		{8B099960-0295-4739-84E8-42B42E8711D3}.Debug|Any CPU.Build.0 = Debug|Any CPU
		{8B099960-0295-4739-84E8-42B42E8711D3}.Release|Any CPU.ActiveCfg = Release|Any CPU
		{8B099960-0295-4739-84E8-42B42E8711D3}.Release|Any CPU.Build.0 = Release|Any CPU
	EndGlobalSection
EndGlobal
